
Microsoft Visual Studio Solution File, Format Version 12.00
# Visual Studio Version 17
VisualStudioVersion = 17.7.34031.279
MinimumVisualStudioVersion = 10.0.40219.1
Project("{FAE04EC0-301F-11D3-BF4B-00C04F79EFBC}") = "Desafio do Celular", "Desafio do Celular\Desafio do Celular.csproj", "{8AFA0972-375A-4BE1-8420-2C60B1D71ECB}"
EndProject
Global
	GlobalSection(SolutionConfigurationPlatforms) = preSolution
		Debug|Any CPU = Debug|Any CPU
		Release|Any CPU = Release|Any CPU
	EndGlobalSection
	GlobalSection(ProjectConfigurationPlatforms) = postSolution
		{8AFA0972-375A-4BE1-8420-2C60B1D71ECB}.Debug|Any CPU.ActiveCfg = Debug|Any CPU
		{8AFA0972-375A-4BE1-8420-2C60B1D71ECB}.Debug|Any CPU.Build.0 = Debug|Any CPU
		{8AFA0972-375A-4BE1-8420-2C60B1D71ECB}.Release|Any CPU.ActiveCfg = Release|Any CPU
		{8AFA0972-375A-4BE1-8420-2C60B1D71ECB}.Release|Any CPU.Build.0 = Release|Any CPU
	EndGlobalSection
	GlobalSection(SolutionProperties) = preSolution
		HideSolutionNode = FALSE
	EndGlobalSection
	GlobalSection(ExtensibilityGlobals) = postSolution
		SolutionGuid = {5C109E38-B495-4D71-B8A1-BB79CB001920}
	EndGlobalSection
EndGlobal
